# THIS IS AN AUTOGENERATED FILE. DO NOT EDIT THIS FILE DIRECTLY.
# yarn lockfile v1


"@types/chrome@0.0.89":
  version "0.0.89"
  resolved "https://registry.npm.taobao.org/@types/chrome/download/@types/chrome-0.0.89.tgz#0d5baef543aaa0715b345b57b86cba6ca708b524"
  integrity sha1-DVuu9UOqoHFbNFtXuGy6bKcItSQ=
  dependencies:
    "@types/filesystem" "*"

"@types/filesystem@*":
  version "0.0.29"
  resolved "https://registry.npm.taobao.org/@types/filesystem/download/@types/filesystem-0.0.29.tgz#ee3748eb5be140dcf980c3bd35f11aec5f7a3748"
  integrity sha1-7jdI61vhQNz5gMO9NfEa7F96N0g=
  dependencies:
    "@types/filewriter" "*"

"@types/filewriter@*":
  version "0.0.28"
  resolved "https://registry.npm.taobao.org/@types/filewriter/download/@types/filewriter-0.0.28.tgz#c054e8af4d9dd75db4e63abc76f885168714d4b3"
  integrity sha1-wFTor02d11205jq8dviFFocU1LM=

typescript@^3.6.3:
  version "3.6.3"
  resolved "https://registry.npm.taobao.org/typescript/download/typescript-3.6.3.tgz#fea942fabb20f7e1ca7164ff626f1a9f3f70b4da"
  integrity sha1-/qlC+rsg9+HKcWT/Ym8anz9wtNo=
